// !$*UTF8*$!
{
	archiveVersion = 1;
	classes = {
	};
	objectVersion = 46;
	objects = {

/* Begin PBXBuildFile section */
		215C2B3317D89EDA00D7755C /* Foundation.framework in Frameworks */ = {isa = PBXBuildFile; fileRef = 215C2B3217D89EDA00D7755C /* Foundation.framework */; };
		215C2B3517D89EDA00D7755C /* CoreGraphics.framework in Frameworks */ = {isa = PBXBuildFile; fileRef = 215C2B3417D89EDA00D7755C /* CoreGraphics.framework */; };
		215C2B3717D89EDA00D7755C /* UIKit.framework in Frameworks */ = {isa = PBXBuildFile; fileRef = 215C2B3617D89EDA00D7755C /* UIKit.framework */; };
		215C2B3D17D89EDA00D7755C /* InfoPlist.strings in Resources */ = {isa = PBXBuildFile; fileRef = 215C2B3B17D89EDA00D7755C /* InfoPlist.strings */; };
		215C2B3F17D89EDA00D7755C /* main.m in Sources */ = {isa = PBXBuildFile; fileRef = 215C2B3E17D89EDA00D7755C /* main.m */; };
		215C2B4317D89EDA00D7755C /* LWAppDelegate.m in Sources */ = {isa = PBXBuildFile; fileRef = 215C2B4217D89EDA00D7755C /* LWAppDelegate.m */; };
		215C2B4517D89EDA00D7755C /* Images.xcassets in Resources */ = {isa = PBXBuildFile; fileRef = 215C2B4417D89EDA00D7755C /* Images.xcassets */; };
		215C2B4C17D89EDB00D7755C /* XCTest.framework in Frameworks */ = {isa = PBXBuildFile; fileRef = 215C2B4B17D89EDB00D7755C /* XCTest.framework */; };
		215C2B4D17D89EDB00D7755C /* Foundation.framework in Frameworks */ = {isa = PBXBuildFile; fileRef = 215C2B3217D89EDA00D7755C /* Foundation.framework */; };
		215C2B4E17D89EDB00D7755C /* UIKit.framework in Frameworks */ = {isa = PBXBuildFile; fileRef = 215C2B3617D89EDA00D7755C /* UIKit.framework */; };
		215C2B5617D89EDB00D7755C /* InfoPlist.strings in Resources */ = {isa = PBXBuildFile; fileRef = 215C2B5417D89EDB00D7755C /* InfoPlist.strings */; };
		215C2B5817D89EDB00D7755C /* PhotoBrowserTests.m in Sources */ = {isa = PBXBuildFile; fileRef = 215C2B5717D89EDB00D7755C /* PhotoBrowserTests.m */; };
/* End PBXBuildFile section */

/* Begin PBXContainerItemProxy section */
		215C2B4F17D89EDB00D7755C /* PBXContainerItemProxy */ = {
			isa = PBXContainerItemProxy;
			containerPortal = 215C2B2717D89EDA00D7755C /* Project object */;
			proxyType = 1;
			remoteGlobalIDString = 215C2B2E17D89EDA00D7755C;
			remoteInfo = PhotoBrowser;
		};
/* End PBXContainerItemProxy section */

/* Begin PBXFileReference section */
		215C2B2F17D89EDA00D7755C /* PhotoBrowser.app */ = {isa = PBXFileReference; explicitFileType = wrapper.application; includeInIndex = 0; path = PhotoBrowser.app; sourceTree = BUILT_PRODUCTS_DIR; };
		215C2B3217D89EDA00D7755C /* Foundation.framework */ = {isa = PBXFileReference; lastKnownFileType = wrapper.framework; name = Foundation.framework; path = System/Library/Frameworks/Foundation.framework; sourceTree = SDKROOT; };
		215C2B3417D89EDA00D7755C /* CoreGraphics.framework */ = {isa = PBXFileReference; lastKnownFileType = wrapper.framework; name = CoreGraphics.framework; path = System/Library/Frameworks/CoreGraphics.framework; sourceTree = SDKROOT; };
		215C2B3617D89EDA00D7755C /* UIKit.framework */ = {isa = PBXFileReference; lastKnownFileType = wrapper.framework; name = UIKit.framework; path = System/Library/Frameworks/UIKit.framework; sourceTree = SDKROOT; };
		215C2B3A17D89EDA00D7755C /* PhotoBrowser-Info.plist */ = {isa = PBXFileReference; lastKnownFileType = text.plist.xml; path = "PhotoBrowser-Info.plist"; sourceTree = "<group>"; };
		215C2B3C17D89EDA00D7755C /* en */ = {isa = PBXFileReference; lastKnownFileType = text.plist.strings; name = en; path = en.lproj/InfoPlist.strings; sourceTree = "<group>"; };
		215C2B3E17D89EDA00D7755C /* main.m */ = {isa = PBXFileReference; lastKnownFileType = sourcecode.c.objc; path = main.m; sourceTree = "<group>"; };
		215C2B4017D89EDA00D7755C /* PhotoBrowser-Prefix.pch */ = {isa = PBXFileReference; lastKnownFileType = sourcecode.c.h; path = "PhotoBrowser-Prefix.pch"; sourceTree = "<group>"; };
		215C2B4117D89EDA00D7755C /* LWAppDelegate.h */ = {isa = PBXFileReference; lastKnownFileType = sourcecode.c.h; path = LWAppDelegate.h; sourceTree = "<group>"; };
		215C2B4217D89EDA00D7755C /* LWAppDelegate.m */ = {isa = PBXFileReference; lastKnownFileType = sourcecode.c.objc; path = LWAppDelegate.m; sourceTree = "<group>"; };
		215C2B4417D89EDA00D7755C /* Images.xcassets */ = {isa = PBXFileReference; lastKnownFileType = folder.assetcatalog; path = Images.xcassets; sourceTree = "<group>"; };
		215C2B4A17D89EDB00D7755C /* PhotoBrowserTests.xctest */ = {isa = PBXFileReference; explicitFileType = wrapper.cfbundle; includeInIndex = 0; path = PhotoBrowserTests.xctest; sourceTree = BUILT_PRODUCTS_DIR; };
		215C2B4B17D89EDB00D7755C /* XCTest.framework */ = {isa = PBXFileReference; lastKnownFileType = wrapper.framework; name = XCTest.framework; path = Library/Frameworks/XCTest.framework; sourceTree = DEVELOPER_DIR; };
		215C2B5317D89EDB00D7755C /* PhotoBrowserTests-Info.plist */ = {isa = PBXFileReference; lastKnownFileType = text.plist.xml; path = "PhotoBrowserTests-Info.plist"; sourceTree = "<group>"; };
		215C2B5517D89EDB00D7755C /* en */ = {isa = PBXFileReference; lastKnownFileType = text.plist.strings; name = en; path = en.lproj/InfoPlist.strings; sourceTree = "<group>"; };
		215C2B5717D89EDB00D7755C /* PhotoBrowserTests.m */ = {isa = PBXFileReference; lastKnownFileType = sourcecode.c.objc; path = PhotoBrowserTests.m; sourceTree = "<group>"; };
/* End PBXFileReference section */

/* Begin PBXFrameworksBuildPhase section */
		215C2B2C17D89EDA00D7755C /* Frameworks */ = {
			isa = PBXFrameworksBuildPhase;
			buildActionMask = 2147483647;
			files = (
				215C2B3517D89EDA00D7755C /* CoreGraphics.framework in Frameworks */,
				215C2B3717D89EDA00D7755C /* UIKit.framework in Frameworks */,
				215C2B3317D89EDA00D7755C /* Foundation.framework in Frameworks */,
			);
			runOnlyForDeploymentPostprocessing = 0;
		};
		215C2B4717D89EDB00D7755C /* Frameworks */ = {
			isa = PBXFrameworksBuildPhase;
			buildActionMask = 2147483647;
			files = (
				215C2B4C17D89EDB00D7755C /* XCTest.framework in Frameworks */,
				215C2B4E17D89EDB00D7755C /* UIKit.framework in Frameworks */,
				215C2B4D17D89EDB00D7755C /* Foundation.framework in Frameworks */,
			);
			runOnlyForDeploymentPostprocessing = 0;
		};
/* End PBXFrameworksBuildPhase section */

/* Begin PBXGroup section */
		215C2B2617D89EDA00D7755C = {
			isa = PBXGroup;
			children = (
				215C2B3817D89EDA00D7755C /* PhotoBrowser */,
				215C2B5117D89EDB00D7755C /* PhotoBrowserTests */,
				215C2B3117D89EDA00D7755C /* Frameworks */,
				215C2B3017D89EDA00D7755C /* Products */,
			);
			sourceTree = "<group>";
		};
		215C2B3017D89EDA00D7755C /* Products */ = {
			isa = PBXGroup;
			children = (
				215C2B2F17D89EDA00D7755C /* PhotoBrowser.app */,
				215C2B4A17D89EDB00D7755C /* PhotoBrowserTests.xctest */,
			);
			name = Products;
			sourceTree = "<group>";
		};
		215C2B3117D89EDA00D7755C /* Frameworks */ = {
			isa = PBXGroup;
			children = (
				215C2B3217D89EDA00D7755C /* Foundation.framework */,
				215C2B3417D89EDA00D7755C /* CoreGraphics.framework */,
				215C2B3617D89EDA00D7755C /* UIKit.framework */,
				215C2B4B17D89EDB00D7755C /* XCTest.framework */,
			);
			name = Frameworks;
			sourceTree = "<group>";
		};
		215C2B3817D89EDA00D7755C /* PhotoBrowser */ = {
			isa = PBXGroup;
			children = (
				215C2B4117D89EDA00D7755C /* LWAppDelegate.h */,
				215C2B4217D89EDA00D7755C /* LWAppDelegate.m */,
				215C2B4417D89EDA00D7755C /* Images.xcassets */,
				215C2B3917D89EDA00D7755C /* Supporting Files */,
			);
			path = PhotoBrowser;
			sourceTree = "<group>";
		};
		215C2B3917D89EDA00D7755C /* Supporting Files */ = {
			isa = PBXGroup;
			children = (
				215C2B3A17D89EDA00D7755C /* PhotoBrowser-Info.plist */,
				215C2B3B17D89EDA00D7755C /* InfoPlist.strings */,
				215C2B3E17D89EDA00D7755C /* main.m */,
				215C2B4017D89EDA00D7755C /* PhotoBrowser-Prefix.pch */,
			);
			name = "Supporting Files";
			sourceTree = "<group>";
		};
		215C2B5117D89EDB00D7755C /* PhotoBrowserTests */ = {
			isa = PBXGroup;
			children = (
				215C2B5717D89EDB00D7755C /* PhotoBrowserTests.m */,
				215C2B5217D89EDB00D7755C /* Supporting Files */,
			);
			path = PhotoBrowserTests;
			sourceTree = "<group>";
		};
		215C2B5217D89EDB00D7755C /* Supporting Files */ = {
			isa = PBXGroup;
			children = (
				215C2B5317D89EDB00D7755C /* PhotoBrowserTests-Info.plist */,
				215C2B5417D89EDB00D7755C /* InfoPlist.strings */,
			);
			name = "Supporting Files";
			sourceTree = "<group>";
		};
/* End PBXGroup section */

/* Begin PBXNativeTarget section */
		215C2B2E17D89EDA00D7755C /* PhotoBrowser */ = {
			isa = PBXNativeTarget;
			buildConfigurationList = 215C2B5B17D89EDB00D7755C /* Build configuration list for PBXNativeTarget "PhotoBrowser" */;
			buildPhases = (
				215C2B2B17D89EDA00D7755C /* Sources */,
				215C2B2C17D89EDA00D7755C /* Frameworks */,
				215C2B2D17D89EDA00D7755C /* Resources */,
			);
			buildRules = (
			);
			dependencies = (
			);
			name = PhotoBrowser;
			productName = PhotoBrowser;
			productReference = 215C2B2F17D89EDA00D7755C /* PhotoBrowser.app */;
			productType = "com.apple.product-type.application";
		};
		215C2B4917D89EDB00D7755C /* PhotoBrowserTests */ = {
			isa = PBXNativeTarget;
			buildConfigurationList = 215C2B5E17D89EDB00D7755C /* Build configuration list for PBXNativeTarget "PhotoBrowserTests" */;
			buildPhases = (
				215C2B4617D89EDB00D7755C /* Sources */,
				215C2B4717D89EDB00D7755C /* Frameworks */,
				215C2B4817D89EDB00D7755C /* Resources */,
			);
			buildRules = (
			);
			dependencies = (
				215C2B5017D89EDB00D7755C /* PBXTargetDependency */,
			);
			name = PhotoBrowserTests;
			productName = PhotoBrowserTests;
			productReference = 215C2B4A17D89EDB00D7755C /* PhotoBrowserTests.xctest */;
			productType = "com.apple.product-type.bundle.unit-test";
		};
/* End PBXNativeTarget section */

/* Begin PBXProject section */
		215C2B2717D89EDA00D7755C /* Project object */ = {
			isa = PBXProject;
			attributes = {
				CLASSPREFIX = LW;
				LastUpgradeCheck = 0500;
				ORGANIZATIONNAME = Westerhoff;
				TargetAttributes = {
					215C2B4917D89EDB00D7755C = {
						TestTargetID = 215C2B2E17D89EDA00D7755C;
					};
				};
			};
			buildConfigurationList = 215C2B2A17D89EDA00D7755C /* Build configuration list for PBXProject "PhotoBrowser" */;
			compatibilityVersion = "Xcode 3.2";
			developmentRegion = English;
			hasScannedForEncodings = 0;
			knownRegions = (
				en,
			);
			mainGroup = 215C2B2617D89EDA00D7755C;
			productRefGroup = 215C2B3017D89EDA00D7755C /* Products */;
			projectDirPath = "";
			projectRoot = "";
			targets = (
				215C2B2E17D89EDA00D7755C /* PhotoBrowser */,
				215C2B4917D89EDB00D7755C /* PhotoBrowserTests */,
			);
		};
/* End PBXProject section */

/* Begin PBXResourcesBuildPhase section */
		215C2B2D17D89EDA00D7755C /* Resources */ = {
			isa = PBXResourcesBuildPhase;
			buildActionMask = 2147483647;
			files = (
				215C2B3D17D89EDA00D7755C /* InfoPlist.strings in Resources */,
				215C2B4517D89EDA00D7755C /* Images.xcassets in Resources */,
			);
			runOnlyForDeploymentPostprocessing = 0;
		};
		215C2B4817D89EDB00D7755C /* Resources */ = {
			isa = PBXResourcesBuildPhase;
			buildActionMask = 2147483647;
			files = (
				215C2B5617D89EDB00D7755C /* InfoPlist.strings in Resources */,
			);
			runOnlyForDeploymentPostprocessing = 0;
		};
/* End PBXResourcesBuildPhase section */

/* Begin PBXSourcesBuildPhase section */
		215C2B2B17D89EDA00D7755C /* Sources */ = {
			isa = PBXSourcesBuildPhase;
			buildActionMask = 2147483647;
			files = (
				215C2B3F17D89EDA00D7755C /* main.m in Sources */,
				215C2B4317D89EDA00D7755C /* LWAppDelegate.m in Sources */,
			);
			runOnlyForDeploymentPostprocessing = 0;
		};
		215C2B4617D89EDB00D7755C /* Sources */ = {
			isa = PBXSourcesBuildPhase;
			buildActionMask = 2147483647;
			files = (
				215C2B5817D89EDB00D7755C /* PhotoBrowserTests.m in Sources */,
			);
			runOnlyForDeploymentPostprocessing = 0;
		};
/* End PBXSourcesBuildPhase section */

/* Begin PBXTargetDependency section */
		215C2B5017D89EDB00D7755C /* PBXTargetDependency */ = {
			isa = PBXTargetDependency;
			target = 215C2B2E17D89EDA00D7755C /* PhotoBrowser */;
			targetProxy = 215C2B4F17D89EDB00D7755C /* PBXContainerItemProxy */;
		};
/* End PBXTargetDependency section */

/* Begin PBXVariantGroup section */
		215C2B3B17D89EDA00D7755C /* InfoPlist.strings */ = {
			isa = PBXVariantGroup;
			children = (
				215C2B3C17D89EDA00D7755C /* en */,
			);
			name = InfoPlist.strings;
			sourceTree = "<group>";
		};
		215C2B5417D89EDB00D7755C /* InfoPlist.strings */ = {
			isa = PBXVariantGroup;
			children = (
				215C2B5517D89EDB00D7755C /* en */,
			);
			name = InfoPlist.strings;
			sourceTree = "<group>";
		};
/* End PBXVariantGroup section */

/* Begin XCBuildConfiguration section */
		215C2B5917D89EDB00D7755C /* Debug */ = {
			isa = XCBuildConfiguration;
			buildSettings = {
				ALWAYS_SEARCH_USER_PATHS = NO;
				CLANG_CXX_LANGUAGE_STANDARD = "gnu++0x";
				CLANG_CXX_LIBRARY = "libc++";
				CLANG_ENABLE_MODULES = YES;
				CLANG_ENABLE_OBJC_ARC = YES;
				CLANG_WARN_BOOL_CONVERSION = YES;
				CLANG_WARN_CONSTANT_CONVERSION = YES;
				CLANG_WARN_DIRECT_OBJC_ISA_USAGE = YES_ERROR;
				CLANG_WARN_EMPTY_BODY = YES;
				CLANG_WARN_ENUM_CONVERSION = YES;
				CLANG_WARN_INT_CONVERSION = YES;
				CLANG_WARN_OBJC_ROOT_CLASS = YES_ERROR;
				CLANG_WARN__DUPLICATE_METHOD_MATCH = YES;
				"CODE_SIGN_IDENTITY[sdk=iphoneos*]" = "iPhone Developer";
				COPY_PHASE_STRIP = NO;
				GCC_C_LANGUAGE_STANDARD = gnu99;
				GCC_DYNAMIC_NO_PIC = NO;
				GCC_OPTIMIZATION_LEVEL = 0;
				GCC_PREPROCESSOR_DEFINITIONS = (
					"DEBUG=1",
					"$(inherited)",
				);
				GCC_SYMBOLS_PRIVATE_EXTERN = NO;
				GCC_WARN_ABOUT_RETURN_TYPE = YES_ERROR;
				GCC_WARN_UNDECLARED_SELECTOR = YES;
				GCC_WARN_UNINITIALIZED_AUTOS = YES;
				GCC_WARN_UNUSED_FUNCTION = YES;
				GCC_WARN_UNUSED_VARIABLE = YES;
				IPHONEOS_DEPLOYMENT_TARGET = 7.0;
				ONLY_ACTIVE_ARCH = YES;
				SDKROOT = iphoneos;
				TARGETED_DEVICE_FAMILY = "1,2";
			};
			name = Debug;
		};
		215C2B5A17D89EDB00D7755C /* Release */ = {
			isa = XCBuildConfiguration;
			buildSettings = {
				ALWAYS_SEARCH_USER_PATHS = NO;
				CLANG_CXX_LANGUAGE_STANDARD = "gnu++0x";
				CLANG_CXX_LIBRARY = "libc++";
				CLANG_ENABLE_MODULES = YES;
				CLANG_ENABLE_OBJC_ARC = YES;
				CLANG_WARN_BOOL_CONVERSION = YES;
				CLANG_WARN_CONSTANT_CONVERSION = YES;
				CLANG_WARN_DIRECT_OBJC_ISA_USAGE = YES_ERROR;
				CLANG_WARN_EMPTY_BODY = YES;
				CLANG_WARN_ENUM_CONVERSION = YES;
				CLANG_WARN_INT_CONVERSION = YES;
				CLANG_WARN_OBJC_ROOT_CLASS = YES_ERROR;
				CLANG_WARN__DUPLICATE_METHOD_MATCH = YES;
				"CODE_SIGN_IDENTITY[sdk=iphoneos*]" = "iPhone Developer";
				COPY_PHASE_STRIP = YES;
				ENABLE_NS_ASSERTIONS = NO;
				GCC_C_LANGUAGE_STANDARD = gnu99;
				GCC_WARN_ABOUT_RETURN_TYPE = YES_ERROR;
				GCC_WARN_UNDECLARED_SELECTOR = YES;
				GCC_WARN_UNINITIALIZED_AUTOS = YES;
				GCC_WARN_UNUSED_FUNCTION = YES;
				GCC_WARN_UNUSED_VARIABLE = YES;
				IPHONEOS_DEPLOYMENT_TARGET = 7.0;
				SDKROOT = iphoneos;
				TARGETED_DEVICE_FAMILY = "1,2";
				VALIDATE_PRODUCT = YES;
			};
			name = Release;
		};
		215C2B5C17D89EDB00D7755C /* Debug */ = {
			isa = XCBuildConfiguration;
			buildSettings = {
				ASSETCATALOG_COMPILER_APPICON_NAME = AppIcon;
				ASSETCATALOG_COMPILER_LAUNCHIMAGE_NAME = LaunchImage;
				GCC_PRECOMPILE_PREFIX_HEADER = YES;
				GCC_PREFIX_HEADER = "PhotoBrowser/PhotoBrowser-Prefix.pch";
				INFOPLIST_FILE = "PhotoBrowser/PhotoBrowser-Info.plist";
				PRODUCT_NAME = "$(TARGET_NAME)";
				WRAPPER_EXTENSION = app;
			};
			name = Debug;
		};
		215C2B5D17D89EDB00D7755C /* Release */ = {
			isa = XCBuildConfiguration;
			buildSettings = {
				ASSETCATALOG_COMPILER_APPICON_NAME = AppIcon;
				ASSETCATALOG_COMPILER_LAUNCHIMAGE_NAME = LaunchImage;
				GCC_PRECOMPILE_PREFIX_HEADER = YES;
				GCC_PREFIX_HEADER = "PhotoBrowser/PhotoBrowser-Prefix.pch";
				INFOPLIST_FILE = "PhotoBrowser/PhotoBrowser-Info.plist";
				PRODUCT_NAME = "$(TARGET_NAME)";
				WRAPPER_EXTENSION = app;
			};
			name = Release;
		};
		215C2B5F17D89EDB00D7755C /* Debug */ = {
			isa = XCBuildConfiguration;
			buildSettings = {
				BUNDLE_LOADER = "$(BUILT_PRODUCTS_DIR)/PhotoBrowser.app/PhotoBrowser";
				FRAMEWORK_SEARCH_PATHS = (
					"$(SDKROOT)/Developer/Library/Frameworks",
					"$(inherited)",
					"$(DEVELOPER_FRAMEWORKS_DIR)",
				);
				GCC_PRECOMPILE_PREFIX_HEADER = YES;
				GCC_PREFIX_HEADER = "PhotoBrowser/PhotoBrowser-Prefix.pch";
				GCC_PREPROCESSOR_DEFINITIONS = (
					"DEBUG=1",
					"$(inherited)",
				);
				INFOPLIST_FILE = "PhotoBrowserTests/PhotoBrowserTests-Info.plist";
				PRODUCT_NAME = "$(TARGET_NAME)";
				TEST_HOST = "$(BUNDLE_LOADER)";
				WRAPPER_EXTENSION = xctest;
			};
			name = Debug;
		};
		215C2B6017D89EDB00D7755C /* Release */ = {
			isa = XCBuildConfiguration;
			buildSettings = {
				BUNDLE_LOADER = "$(BUILT_PRODUCTS_DIR)/PhotoBrowser.app/PhotoBrowser";
				FRAMEWORK_SEARCH_PATHS = (
					"$(SDKROOT)/Developer/Library/Frameworks",
					"$(inherited)",
					"$(DEVELOPER_FRAMEWORKS_DIR)",
				);
				GCC_PRECOMPILE_PREFIX_HEADER = YES;
				GCC_PREFIX_HEADER = "PhotoBrowser/PhotoBrowser-Prefix.pch";
				INFOPLIST_FILE = "PhotoBrowserTests/PhotoBrowserTests-Info.plist";
				PRODUCT_NAME = "$(TARGET_NAME)";
				TEST_HOST = "$(BUNDLE_LOADER)";
				WRAPPER_EXTENSION = xctest;
			};
			name = Release;
		};
/* End XCBuildConfiguration section */

/* Begin XCConfigurationList section */
		215C2B2A17D89EDA00D7755C /* Build configuration list for PBXProject "PhotoBrowser" */ = {
			isa = XCConfigurationList;
			buildConfigurations = (
				215C2B5917D89EDB00D7755C /* Debug */,
				215C2B5A17D89EDB00D7755C /* Release */,
			);
			defaultConfigurationIsVisible = 0;
			defaultConfigurationName = Release;
		};
		215C2B5B17D89EDB00D7755C /* Build configuration list for PBXNativeTarget "PhotoBrowser" */ = {
			isa = XCConfigurationList;
			buildConfigurations = (
				215C2B5C17D89EDB00D7755C /* Debug */,
				215C2B5D17D89EDB00D7755C /* Release */,
			);
			defaultConfigurationIsVisible = 0;
		};
		215C2B5E17D89EDB00D7755C /* Build configuration list for PBXNativeTarget "PhotoBrowserTests" */ = {
			isa = XCConfigurationList;
			buildConfigurations = (
				215C2B5F17D89EDB00D7755C /* Debug */,
				215C2B6017D89EDB00D7755C /* Release */,
			);
			defaultConfigurationIsVisible = 0;
		};
/* End XCConfigurationList section */
	};
	rootObject = 215C2B2717D89EDA00D7755C /* Project object */;
}
