// !$*UTF8*$!
{
	archiveVersion = 1;
	classes = {
	};
	objectVersion = 46;
	objects = {

/* Begin PBXBuildFile section */
		215C2B3317D89EDA00D7755C /* Foundation.framework in Frameworks */ = {isa = PBXBuildFile; fileRef = 215C2B3217D89EDA00D7755C /* Foundation.framework */; };
		215C2B3517D89EDA00D7755C /* CoreGraphics.framework in Frameworks */ = {isa = PBXBuildFile; fileRef = 215C2B3417D89EDA00D7755C /* CoreGraphics.framework */; };
		215C2B3717D89EDA00D7755C /* UIKit.framework in Frameworks */ = {isa = PBXBuildFile; fileRef = 215C2B3617D89EDA00D7755C /* UIKit.framework */; };
		215C2B3D17D89EDA00D7755C /* InfoPlist.strings in Resources */ = {isa = PBXBuildFile; fileRef = 215C2B3B17D89EDA00D7755C /* InfoPlist.strings */; };
		215C2B3F17D89EDA00D7755C /* main.m in Sources */ = {isa = PBXBuildFile; fileRef = 215C2B3E17D89EDA00D7755C /* main.m */; };
		215C2B4317D89EDA00D7755C /* LWAppDelegate.m in Sources */ = {isa = PBXBuildFile; fileRef = 215C2B4217D89EDA00D7755C /* LWAppDelegate.m */; };
		215C2B4517D89EDA00D7755C /* Images.xcassets in Resources */ = {isa = PBXBuildFile; fileRef = 215C2B4417D89EDA00D7755C /* Images.xcassets */; };
		215C2B4C17D89EDB00D7755C /* XCTest.framework in Frameworks */ = {isa = PBXBuildFile; fileRef = 215C2B4B17D89EDB00D7755C /* XCTest.framework */; };
		215C2B4D17D89EDB00D7755C /* Foundation.framework in Frameworks */ = {isa = PBXBuildFile; fileRef = 215C2B3217D89EDA00D7755C /* Foundation.framework */; };
		215C2B4E17D89EDB00D7755C /* UIKit.framework in Frameworks */ = {isa = PBXBuildFile; fileRef = 215C2B3617D89EDA00D7755C /* UIKit.framework */; };
		215C2B5617D89EDB00D7755C /* InfoPlist.strings in Resources */ = {isa = PBXBuildFile; fileRef = 215C2B5417D89EDB00D7755C /* InfoPlist.strings */; };
		215C2B6817D8AE7300D7755C /* LWPhotoCollectionViewController.m in Sources */ = {isa = PBXBuildFile; fileRef = 215C2B6717D8AE7300D7755C /* LWPhotoCollectionViewController.m */; };
		215C2B7117D8CAED00D7755C /* LWPagingPhotoLoaderTest.m in Sources */ = {isa = PBXBuildFile; fileRef = 215C2B7017D8CAED00D7755C /* LWPagingPhotoLoaderTest.m */; };
		215C2B7517D8D38800D7755C /* LWFlickrSource.m in Sources */ = {isa = PBXBuildFile; fileRef = 215C2B7417D8D38800D7755C /* LWFlickrSource.m */; };
		215C2B7817D8DC1A00D7755C /* LWPhotoCell.m in Sources */ = {isa = PBXBuildFile; fileRef = 215C2B7717D8DC1A00D7755C /* LWPhotoCell.m */; };
		215C2B7C17D8F7C200D7755C /* LWInstragramSource.m in Sources */ = {isa = PBXBuildFile; fileRef = 215C2B7B17D8F7C200D7755C /* LWInstragramSource.m */; };
		215C2B8017D9C48400D7755C /* LWPhotoViewController.m in Sources */ = {isa = PBXBuildFile; fileRef = 215C2B7F17D9C48400D7755C /* LWPhotoViewController.m */; };
		215C2B8317D9C58400D7755C /* LWPhotoPageViewController.m in Sources */ = {isa = PBXBuildFile; fileRef = 215C2B8217D9C58400D7755C /* LWPhotoPageViewController.m */; };
		2170496A17DCAC0400A92AC1 /* Main.storyboard in Resources */ = {isa = PBXBuildFile; fileRef = 2170496C17DCAC0400A92AC1 /* Main.storyboard */; };
		2170497817DCB0B500A92AC1 /* Localizable.strings in Resources */ = {isa = PBXBuildFile; fileRef = 2170497A17DCB0B500A92AC1 /* Localizable.strings */; };
		21A79D1D17DB22510042F831 /* fishhook.c in Sources */ = {isa = PBXBuildFile; fileRef = 21A79D1B17DB22510042F831 /* fishhook.c */; };
		21A79D1F17DB22750042F831 /* QuietAssertMacros.c in Sources */ = {isa = PBXBuildFile; fileRef = 21A79D1E17DB22750042F831 /* QuietAssertMacros.c */; };
		21A79D2317DB2C330042F831 /* LWPhoto.m in Sources */ = {isa = PBXBuildFile; fileRef = 21A79D2117DB2C330042F831 /* LWPhoto.m */; };
		21A79D2617DB2C560042F831 /* LWPhotoInfo.m in Sources */ = {isa = PBXBuildFile; fileRef = 21A79D2517DB2C560042F831 /* LWPhotoInfo.m */; };
		21A79D2917DB2E1A0042F831 /* LWFlickrPhoto.m in Sources */ = {isa = PBXBuildFile; fileRef = 21A79D2817DB2E1A0042F831 /* LWFlickrPhoto.m */; };
		21A79D3317DB6D080042F831 /* LWPagingPhotoLoader.m in Sources */ = {isa = PBXBuildFile; fileRef = 21A79D2F17DB6D080042F831 /* LWPagingPhotoLoader.m */; };
		21A79D3417DB6D080042F831 /* LWPhotoRequest.m in Sources */ = {isa = PBXBuildFile; fileRef = 21A79D3117DB6D080042F831 /* LWPhotoRequest.m */; };
		2BFDB68D316C41EB9F946346 /* libPods.a in Frameworks */ = {isa = PBXBuildFile; fileRef = 21BEBC0A52624798891F451B /* libPods.a */; };
/* End PBXBuildFile section */

/* Begin PBXContainerItemProxy section */
		215C2B4F17D89EDB00D7755C /* PBXContainerItemProxy */ = {
			isa = PBXContainerItemProxy;
			containerPortal = 215C2B2717D89EDA00D7755C /* Project object */;
			proxyType = 1;
			remoteGlobalIDString = 215C2B2E17D89EDA00D7755C;
			remoteInfo = PhotoBrowser;
		};
/* End PBXContainerItemProxy section */

/* Begin PBXFileReference section */
		215C2B2F17D89EDA00D7755C /* PhotoBrowser.app */ = {isa = PBXFileReference; explicitFileType = wrapper.application; includeInIndex = 0; path = PhotoBrowser.app; sourceTree = BUILT_PRODUCTS_DIR; };
		215C2B3217D89EDA00D7755C /* Foundation.framework */ = {isa = PBXFileReference; lastKnownFileType = wrapper.framework; name = Foundation.framework; path = System/Library/Frameworks/Foundation.framework; sourceTree = SDKROOT; };
		215C2B3417D89EDA00D7755C /* CoreGraphics.framework */ = {isa = PBXFileReference; lastKnownFileType = wrapper.framework; name = CoreGraphics.framework; path = System/Library/Frameworks/CoreGraphics.framework; sourceTree = SDKROOT; };
		215C2B3617D89EDA00D7755C /* UIKit.framework */ = {isa = PBXFileReference; lastKnownFileType = wrapper.framework; name = UIKit.framework; path = System/Library/Frameworks/UIKit.framework; sourceTree = SDKROOT; };
		215C2B3A17D89EDA00D7755C /* PhotoBrowser-Info.plist */ = {isa = PBXFileReference; lastKnownFileType = text.plist.xml; path = "PhotoBrowser-Info.plist"; sourceTree = "<group>"; };
		215C2B3E17D89EDA00D7755C /* main.m */ = {isa = PBXFileReference; lastKnownFileType = sourcecode.c.objc; path = main.m; sourceTree = "<group>"; };
		215C2B4017D89EDA00D7755C /* PhotoBrowser-Prefix.pch */ = {isa = PBXFileReference; lastKnownFileType = sourcecode.c.h; path = "PhotoBrowser-Prefix.pch"; sourceTree = "<group>"; };
		215C2B4117D89EDA00D7755C /* LWAppDelegate.h */ = {isa = PBXFileReference; lastKnownFileType = sourcecode.c.h; path = LWAppDelegate.h; sourceTree = "<group>"; };
		215C2B4217D89EDA00D7755C /* LWAppDelegate.m */ = {isa = PBXFileReference; lastKnownFileType = sourcecode.c.objc; path = LWAppDelegate.m; sourceTree = "<group>"; };
		215C2B4417D89EDA00D7755C /* Images.xcassets */ = {isa = PBXFileReference; lastKnownFileType = folder.assetcatalog; path = Images.xcassets; sourceTree = "<group>"; };
		215C2B4A17D89EDB00D7755C /* PhotoBrowserTests.xctest */ = {isa = PBXFileReference; explicitFileType = wrapper.cfbundle; includeInIndex = 0; path = PhotoBrowserTests.xctest; sourceTree = BUILT_PRODUCTS_DIR; };
		215C2B4B17D89EDB00D7755C /* XCTest.framework */ = {isa = PBXFileReference; lastKnownFileType = wrapper.framework; name = XCTest.framework; path = Library/Frameworks/XCTest.framework; sourceTree = DEVELOPER_DIR; };
		215C2B5317D89EDB00D7755C /* PhotoBrowserTests-Info.plist */ = {isa = PBXFileReference; lastKnownFileType = text.plist.xml; path = "PhotoBrowserTests-Info.plist"; sourceTree = "<group>"; };
		215C2B5517D89EDB00D7755C /* en */ = {isa = PBXFileReference; lastKnownFileType = text.plist.strings; name = en; path = en.lproj/InfoPlist.strings; sourceTree = "<group>"; };
		215C2B6617D8AE7300D7755C /* LWPhotoCollectionViewController.h */ = {isa = PBXFileReference; fileEncoding = 4; lastKnownFileType = sourcecode.c.h; path = LWPhotoCollectionViewController.h; sourceTree = "<group>"; };
		215C2B6717D8AE7300D7755C /* LWPhotoCollectionViewController.m */ = {isa = PBXFileReference; fileEncoding = 4; lastKnownFileType = sourcecode.c.objc; path = LWPhotoCollectionViewController.m; sourceTree = "<group>"; };
		215C2B7017D8CAED00D7755C /* LWPagingPhotoLoaderTest.m */ = {isa = PBXFileReference; fileEncoding = 4; lastKnownFileType = sourcecode.c.objc; path = LWPagingPhotoLoaderTest.m; sourceTree = "<group>"; };
		215C2B7317D8D38800D7755C /* LWFlickrSource.h */ = {isa = PBXFileReference; fileEncoding = 4; lastKnownFileType = sourcecode.c.h; path = LWFlickrSource.h; sourceTree = "<group>"; };
		215C2B7417D8D38800D7755C /* LWFlickrSource.m */ = {isa = PBXFileReference; fileEncoding = 4; lastKnownFileType = sourcecode.c.objc; path = LWFlickrSource.m; sourceTree = "<group>"; };
		215C2B7617D8DC1A00D7755C /* LWPhotoCell.h */ = {isa = PBXFileReference; fileEncoding = 4; lastKnownFileType = sourcecode.c.h; path = LWPhotoCell.h; sourceTree = "<group>"; };
		215C2B7717D8DC1A00D7755C /* LWPhotoCell.m */ = {isa = PBXFileReference; fileEncoding = 4; lastKnownFileType = sourcecode.c.objc; path = LWPhotoCell.m; sourceTree = "<group>"; };
		215C2B7A17D8F7C200D7755C /* LWInstragramSource.h */ = {isa = PBXFileReference; fileEncoding = 4; lastKnownFileType = sourcecode.c.h; path = LWInstragramSource.h; sourceTree = "<group>"; };
		215C2B7B17D8F7C200D7755C /* LWInstragramSource.m */ = {isa = PBXFileReference; fileEncoding = 4; lastKnownFileType = sourcecode.c.objc; path = LWInstragramSource.m; sourceTree = "<group>"; };
		215C2B7E17D9C48400D7755C /* LWPhotoViewController.h */ = {isa = PBXFileReference; fileEncoding = 4; lastKnownFileType = sourcecode.c.h; path = LWPhotoViewController.h; sourceTree = "<group>"; };
		215C2B7F17D9C48400D7755C /* LWPhotoViewController.m */ = {isa = PBXFileReference; fileEncoding = 4; lastKnownFileType = sourcecode.c.objc; path = LWPhotoViewController.m; sourceTree = "<group>"; };
		215C2B8117D9C58400D7755C /* LWPhotoPageViewController.h */ = {isa = PBXFileReference; fileEncoding = 4; lastKnownFileType = sourcecode.c.h; path = LWPhotoPageViewController.h; sourceTree = "<group>"; };
		215C2B8217D9C58400D7755C /* LWPhotoPageViewController.m */ = {isa = PBXFileReference; fileEncoding = 4; lastKnownFileType = sourcecode.c.objc; path = LWPhotoPageViewController.m; sourceTree = "<group>"; };
		2170496D17DCAC2100A92AC1 /* nl */ = {isa = PBXFileReference; lastKnownFileType = text.plist.strings; name = nl; path = nl.lproj/InfoPlist.strings; sourceTree = "<group>"; };
		2170496F17DCAC2100A92AC1 /* nl */ = {isa = PBXFileReference; lastKnownFileType = text.plist.strings; name = nl; path = nl.lproj/InfoPlist.strings; sourceTree = "<group>"; };
		2170497417DCAFA700A92AC1 /* Base */ = {isa = PBXFileReference; lastKnownFileType = file.storyboard; name = Base; path = Base.lproj/Main.storyboard; sourceTree = "<group>"; };
		2170497517DCAFC900A92AC1 /* nl */ = {isa = PBXFileReference; lastKnownFileType = text.plist.strings; name = nl; path = nl.lproj/Main.strings; sourceTree = "<group>"; };
		2170497917DCB0B500A92AC1 /* Base */ = {isa = PBXFileReference; lastKnownFileType = text.plist.strings; name = Base; path = Base.lproj/Localizable.strings; sourceTree = "<group>"; };
		2170497B17DCB0BB00A92AC1 /* nl */ = {isa = PBXFileReference; lastKnownFileType = text.plist.strings; name = nl; path = nl.lproj/Localizable.strings; sourceTree = "<group>"; };
		217049C017DCCEC300A92AC1 /* Base */ = {isa = PBXFileReference; lastKnownFileType = text.plist.strings; name = Base; path = Base.lproj/InfoPlist.strings; sourceTree = "<group>"; };
		21A79D1B17DB22510042F831 /* fishhook.c */ = {isa = PBXFileReference; fileEncoding = 4; lastKnownFileType = sourcecode.c.c; path = fishhook.c; sourceTree = "<group>"; };
		21A79D1C17DB22510042F831 /* fishhook.h */ = {isa = PBXFileReference; fileEncoding = 4; lastKnownFileType = sourcecode.c.h; path = fishhook.h; sourceTree = "<group>"; };
		21A79D1E17DB22750042F831 /* QuietAssertMacros.c */ = {isa = PBXFileReference; fileEncoding = 4; lastKnownFileType = sourcecode.c.c; path = QuietAssertMacros.c; sourceTree = "<group>"; };
		21A79D2117DB2C330042F831 /* LWPhoto.m */ = {isa = PBXFileReference; fileEncoding = 4; lastKnownFileType = sourcecode.c.objc; path = LWPhoto.m; sourceTree = "<group>"; };
		21A79D2217DB2C330042F831 /* LWPhoto.h */ = {isa = PBXFileReference; fileEncoding = 4; lastKnownFileType = sourcecode.c.h; path = LWPhoto.h; sourceTree = "<group>"; };
		21A79D2417DB2C560042F831 /* LWPhotoInfo.h */ = {isa = PBXFileReference; fileEncoding = 4; lastKnownFileType = sourcecode.c.h; path = LWPhotoInfo.h; sourceTree = "<group>"; };
		21A79D2517DB2C560042F831 /* LWPhotoInfo.m */ = {isa = PBXFileReference; fileEncoding = 4; lastKnownFileType = sourcecode.c.objc; path = LWPhotoInfo.m; sourceTree = "<group>"; };
		21A79D2717DB2E1A0042F831 /* LWFlickrPhoto.h */ = {isa = PBXFileReference; fileEncoding = 4; lastKnownFileType = sourcecode.c.h; path = LWFlickrPhoto.h; sourceTree = "<group>"; };
		21A79D2817DB2E1A0042F831 /* LWFlickrPhoto.m */ = {isa = PBXFileReference; fileEncoding = 4; lastKnownFileType = sourcecode.c.objc; path = LWFlickrPhoto.m; sourceTree = "<group>"; };
		21A79D2E17DB6D080042F831 /* LWPagingPhotoLoader.h */ = {isa = PBXFileReference; fileEncoding = 4; lastKnownFileType = sourcecode.c.h; path = LWPagingPhotoLoader.h; sourceTree = "<group>"; };
		21A79D2F17DB6D080042F831 /* LWPagingPhotoLoader.m */ = {isa = PBXFileReference; fileEncoding = 4; lastKnownFileType = sourcecode.c.objc; path = LWPagingPhotoLoader.m; sourceTree = "<group>"; };
		21A79D3017DB6D080042F831 /* LWPhotoRequest.h */ = {isa = PBXFileReference; fileEncoding = 4; lastKnownFileType = sourcecode.c.h; path = LWPhotoRequest.h; sourceTree = "<group>"; };
		21A79D3117DB6D080042F831 /* LWPhotoRequest.m */ = {isa = PBXFileReference; fileEncoding = 4; lastKnownFileType = sourcecode.c.objc; path = LWPhotoRequest.m; sourceTree = "<group>"; };
		21A79D3217DB6D080042F831 /* LWPhotoSource.h */ = {isa = PBXFileReference; fileEncoding = 4; lastKnownFileType = sourcecode.c.h; path = LWPhotoSource.h; sourceTree = "<group>"; };
		21BEBC0A52624798891F451B /* libPods.a */ = {isa = PBXFileReference; explicitFileType = archive.ar; includeInIndex = 0; path = libPods.a; sourceTree = BUILT_PRODUCTS_DIR; };
		A64E21EDA2E04D659E75EAD8 /* Pods.xcconfig */ = {isa = PBXFileReference; includeInIndex = 1; lastKnownFileType = text.xcconfig; name = Pods.xcconfig; path = Pods/Pods.xcconfig; sourceTree = SOURCE_ROOT; };
/* End PBXFileReference section */

/* Begin PBXFrameworksBuildPhase section */
		215C2B2C17D89EDA00D7755C /* Frameworks */ = {
			isa = PBXFrameworksBuildPhase;
			buildActionMask = 2147483647;
			files = (
				215C2B3517D89EDA00D7755C /* CoreGraphics.framework in Frameworks */,
				215C2B3717D89EDA00D7755C /* UIKit.framework in Frameworks */,
				215C2B3317D89EDA00D7755C /* Foundation.framework in Frameworks */,
				2BFDB68D316C41EB9F946346 /* libPods.a in Frameworks */,
			);
			runOnlyForDeploymentPostprocessing = 0;
		};
		215C2B4717D89EDB00D7755C /* Frameworks */ = {
			isa = PBXFrameworksBuildPhase;
			buildActionMask = 2147483647;
			files = (
				215C2B4C17D89EDB00D7755C /* XCTest.framework in Frameworks */,
				215C2B4E17D89EDB00D7755C /* UIKit.framework in Frameworks */,
				215C2B4D17D89EDB00D7755C /* Foundation.framework in Frameworks */,
			);
			runOnlyForDeploymentPostprocessing = 0;
		};
/* End PBXFrameworksBuildPhase section */

/* Begin PBXGroup section */
		215C2B2617D89EDA00D7755C = {
			isa = PBXGroup;
			children = (
				215C2B3817D89EDA00D7755C /* PhotoBrowser */,
				215C2B5117D89EDB00D7755C /* PhotoBrowserTests */,
				215C2B3117D89EDA00D7755C /* Frameworks */,
				215C2B3017D89EDA00D7755C /* Products */,
				A64E21EDA2E04D659E75EAD8 /* Pods.xcconfig */,
			);
			sourceTree = "<group>";
		};
		215C2B3017D89EDA00D7755C /* Products */ = {
			isa = PBXGroup;
			children = (
				215C2B2F17D89EDA00D7755C /* PhotoBrowser.app */,
				215C2B4A17D89EDB00D7755C /* PhotoBrowserTests.xctest */,
			);
			name = Products;
			sourceTree = "<group>";
		};
		215C2B3117D89EDA00D7755C /* Frameworks */ = {
			isa = PBXGroup;
			children = (
				215C2B3217D89EDA00D7755C /* Foundation.framework */,
				215C2B3417D89EDA00D7755C /* CoreGraphics.framework */,
				215C2B3617D89EDA00D7755C /* UIKit.framework */,
				215C2B4B17D89EDB00D7755C /* XCTest.framework */,
				21BEBC0A52624798891F451B /* libPods.a */,
			);
			name = Frameworks;
			sourceTree = "<group>";
		};
		215C2B3817D89EDA00D7755C /* PhotoBrowser */ = {
			isa = PBXGroup;
			children = (
				21A79D2017DB2C040042F831 /* Model */,
				21A79D2D17DB6CA00042F831 /* Server */,
				21A79D1A17DB223B0042F831 /* Extra */,
				215C2B7917D8F7A600D7755C /* Instagram */,
				215C2B7217D8D1E900D7755C /* Flickr */,
				215C2B4117D89EDA00D7755C /* LWAppDelegate.h */,
				215C2B4217D89EDA00D7755C /* LWAppDelegate.m */,
				215C2B6617D8AE7300D7755C /* LWPhotoCollectionViewController.h */,
				215C2B6717D8AE7300D7755C /* LWPhotoCollectionViewController.m */,
				215C2B7617D8DC1A00D7755C /* LWPhotoCell.h */,
				215C2B7717D8DC1A00D7755C /* LWPhotoCell.m */,
				215C2B8117D9C58400D7755C /* LWPhotoPageViewController.h */,
				215C2B8217D9C58400D7755C /* LWPhotoPageViewController.m */,
				215C2B7E17D9C48400D7755C /* LWPhotoViewController.h */,
				215C2B7F17D9C48400D7755C /* LWPhotoViewController.m */,
				215C2B4417D89EDA00D7755C /* Images.xcassets */,
				215C2B3917D89EDA00D7755C /* Supporting Files */,
				2170496C17DCAC0400A92AC1 /* Main.storyboard */,
				2170497A17DCB0B500A92AC1 /* Localizable.strings */,
			);
			path = PhotoBrowser;
			sourceTree = "<group>";
		};
		215C2B3917D89EDA00D7755C /* Supporting Files */ = {
			isa = PBXGroup;
			children = (
				215C2B3A17D89EDA00D7755C /* PhotoBrowser-Info.plist */,
				215C2B3B17D89EDA00D7755C /* InfoPlist.strings */,
				215C2B3E17D89EDA00D7755C /* main.m */,
				215C2B4017D89EDA00D7755C /* PhotoBrowser-Prefix.pch */,
			);
			name = "Supporting Files";
			sourceTree = "<group>";
		};
		215C2B5117D89EDB00D7755C /* PhotoBrowserTests */ = {
			isa = PBXGroup;
			children = (
				215C2B5217D89EDB00D7755C /* Supporting Files */,
				215C2B7017D8CAED00D7755C /* LWPagingPhotoLoaderTest.m */,
			);
			path = PhotoBrowserTests;
			sourceTree = "<group>";
		};
		215C2B5217D89EDB00D7755C /* Supporting Files */ = {
			isa = PBXGroup;
			children = (
				215C2B5317D89EDB00D7755C /* PhotoBrowserTests-Info.plist */,
				215C2B5417D89EDB00D7755C /* InfoPlist.strings */,
			);
			name = "Supporting Files";
			sourceTree = "<group>";
		};
		215C2B7217D8D1E900D7755C /* Flickr */ = {
			isa = PBXGroup;
			children = (
				215C2B7317D8D38800D7755C /* LWFlickrSource.h */,
				215C2B7417D8D38800D7755C /* LWFlickrSource.m */,
				21A79D2717DB2E1A0042F831 /* LWFlickrPhoto.h */,
				21A79D2817DB2E1A0042F831 /* LWFlickrPhoto.m */,
			);
			path = Flickr;
			sourceTree = "<group>";
		};
		215C2B7917D8F7A600D7755C /* Instagram */ = {
			isa = PBXGroup;
			children = (
				215C2B7A17D8F7C200D7755C /* LWInstragramSource.h */,
				215C2B7B17D8F7C200D7755C /* LWInstragramSource.m */,
			);
			path = Instagram;
			sourceTree = "<group>";
		};
		21A79D1A17DB223B0042F831 /* Extra */ = {
			isa = PBXGroup;
			children = (
				21A79D1B17DB22510042F831 /* fishhook.c */,
				21A79D1C17DB22510042F831 /* fishhook.h */,
				21A79D1E17DB22750042F831 /* QuietAssertMacros.c */,
			);
			path = Extra;
			sourceTree = "<group>";
		};
		21A79D2017DB2C040042F831 /* Model */ = {
			isa = PBXGroup;
			children = (
				21A79D2217DB2C330042F831 /* LWPhoto.h */,
				21A79D2117DB2C330042F831 /* LWPhoto.m */,
				21A79D2417DB2C560042F831 /* LWPhotoInfo.h */,
				21A79D2517DB2C560042F831 /* LWPhotoInfo.m */,
			);
			path = Model;
			sourceTree = "<group>";
		};
		21A79D2D17DB6CA00042F831 /* Server */ = {
			isa = PBXGroup;
			children = (
				21A79D2E17DB6D080042F831 /* LWPagingPhotoLoader.h */,
				21A79D2F17DB6D080042F831 /* LWPagingPhotoLoader.m */,
				21A79D3017DB6D080042F831 /* LWPhotoRequest.h */,
				21A79D3117DB6D080042F831 /* LWPhotoRequest.m */,
				21A79D3217DB6D080042F831 /* LWPhotoSource.h */,
			);
			path = Server;
			sourceTree = "<group>";
		};
/* End PBXGroup section */

/* Begin PBXNativeTarget section */
		215C2B2E17D89EDA00D7755C /* PhotoBrowser */ = {
			isa = PBXNativeTarget;
			buildConfigurationList = 215C2B5B17D89EDB00D7755C /* Build configuration list for PBXNativeTarget "PhotoBrowser" */;
			buildPhases = (
				B40CE15F027C4843B95DE4AD /* Check Pods Manifest.lock */,
				215C2B2B17D89EDA00D7755C /* Sources */,
				215C2B2C17D89EDA00D7755C /* Frameworks */,
				215C2B2D17D89EDA00D7755C /* Resources */,
				AA4D90E6B433409AB46E90A9 /* Copy Pods Resources */,
			);
			buildRules = (
			);
			dependencies = (
			);
			name = PhotoBrowser;
			productName = PhotoBrowser;
			productReference = 215C2B2F17D89EDA00D7755C /* PhotoBrowser.app */;
			productType = "com.apple.product-type.application";
		};
		215C2B4917D89EDB00D7755C /* PhotoBrowserTests */ = {
			isa = PBXNativeTarget;
			buildConfigurationList = 215C2B5E17D89EDB00D7755C /* Build configuration list for PBXNativeTarget "PhotoBrowserTests" */;
			buildPhases = (
				215C2B4617D89EDB00D7755C /* Sources */,
				215C2B4717D89EDB00D7755C /* Frameworks */,
				215C2B4817D89EDB00D7755C /* Resources */,
			);
			buildRules = (
			);
			dependencies = (
				215C2B5017D89EDB00D7755C /* PBXTargetDependency */,
			);
			name = PhotoBrowserTests;
			productName = PhotoBrowserTests;
			productReference = 215C2B4A17D89EDB00D7755C /* PhotoBrowserTests.xctest */;
			productType = "com.apple.product-type.bundle.unit-test";
		};
/* End PBXNativeTarget section */

/* Begin PBXProject section */
		215C2B2717D89EDA00D7755C /* Project object */ = {
			isa = PBXProject;
			attributes = {
				CLASSPREFIX = LW;
				LastUpgradeCheck = 0500;
				ORGANIZATIONNAME = Westerhoff;
				TargetAttributes = {
					215C2B4917D89EDB00D7755C = {
						TestTargetID = 215C2B2E17D89EDA00D7755C;
					};
				};
			};
			buildConfigurationList = 215C2B2A17D89EDA00D7755C /* Build configuration list for PBXProject "PhotoBrowser" */;
			compatibilityVersion = "Xcode 3.2";
			developmentRegion = English;
			hasScannedForEncodings = 0;
			knownRegions = (
				en,
				nl,
				Base,
			);
			mainGroup = 215C2B2617D89EDA00D7755C;
			productRefGroup = 215C2B3017D89EDA00D7755C /* Products */;
			projectDirPath = "";
			projectRoot = "";
			targets = (
				215C2B2E17D89EDA00D7755C /* PhotoBrowser */,
				215C2B4917D89EDB00D7755C /* PhotoBrowserTests */,
			);
		};
/* End PBXProject section */

/* Begin PBXResourcesBuildPhase section */
		215C2B2D17D89EDA00D7755C /* Resources */ = {
			isa = PBXResourcesBuildPhase;
			buildActionMask = 2147483647;
			files = (
				2170496A17DCAC0400A92AC1 /* Main.storyboard in Resources */,
				215C2B3D17D89EDA00D7755C /* InfoPlist.strings in Resources */,
				2170497817DCB0B500A92AC1 /* Localizable.strings in Resources */,
				215C2B4517D89EDA00D7755C /* Images.xcassets in Resources */,
			);
			runOnlyForDeploymentPostprocessing = 0;
		};
		215C2B4817D89EDB00D7755C /* Resources */ = {
			isa = PBXResourcesBuildPhase;
			buildActionMask = 2147483647;
			files = (
				215C2B5617D89EDB00D7755C /* InfoPlist.strings in Resources */,
			);
			runOnlyForDeploymentPostprocessing = 0;
		};
/* End PBXResourcesBuildPhase section */

/* Begin PBXShellScriptBuildPhase section */
		AA4D90E6B433409AB46E90A9 /* Copy Pods Resources */ = {
			isa = PBXShellScriptBuildPhase;
			buildActionMask = 2147483647;
			files = (
			);
			inputPaths = (
			);
			name = "Copy Pods Resources";
			outputPaths = (
			);
			runOnlyForDeploymentPostprocessing = 0;
			shellPath = /bin/sh;
			shellScript = "\"${SRCROOT}/Pods/Pods-resources.sh\"\n";
			showEnvVarsInLog = 0;
		};
		B40CE15F027C4843B95DE4AD /* Check Pods Manifest.lock */ = {
			isa = PBXShellScriptBuildPhase;
			buildActionMask = 2147483647;
			files = (
			);
			inputPaths = (
			);
			name = "Check Pods Manifest.lock";
			outputPaths = (
			);
			runOnlyForDeploymentPostprocessing = 0;
			shellPath = /bin/sh;
			shellScript = "diff \"${PODS_ROOT}/../Podfile.lock\" \"${PODS_ROOT}/Manifest.lock\" > /dev/null\nif [[ $? != 0 ]] ; then\n    cat << EOM\nerror: The sandbox is not in sync with the Podfile.lock. Run 'pod install' or update your CocoaPods installation.\nEOM\n    exit 1\nfi\n";
			showEnvVarsInLog = 0;
		};
/* End PBXShellScriptBuildPhase section */

/* Begin PBXSourcesBuildPhase section */
		215C2B2B17D89EDA00D7755C /* Sources */ = {
			isa = PBXSourcesBuildPhase;
			buildActionMask = 2147483647;
			files = (
				215C2B6817D8AE7300D7755C /* LWPhotoCollectionViewController.m in Sources */,
				21A79D2317DB2C330042F831 /* LWPhoto.m in Sources */,
				215C2B8317D9C58400D7755C /* LWPhotoPageViewController.m in Sources */,
				21A79D1F17DB22750042F831 /* QuietAssertMacros.c in Sources */,
				215C2B3F17D89EDA00D7755C /* main.m in Sources */,
				215C2B7517D8D38800D7755C /* LWFlickrSource.m in Sources */,
				21A79D3317DB6D080042F831 /* LWPagingPhotoLoader.m in Sources */,
				21A79D2617DB2C560042F831 /* LWPhotoInfo.m in Sources */,
				215C2B7817D8DC1A00D7755C /* LWPhotoCell.m in Sources */,
				21A79D2917DB2E1A0042F831 /* LWFlickrPhoto.m in Sources */,
				215C2B7C17D8F7C200D7755C /* LWInstragramSource.m in Sources */,
				21A79D3417DB6D080042F831 /* LWPhotoRequest.m in Sources */,
				215C2B8017D9C48400D7755C /* LWPhotoViewController.m in Sources */,
				21A79D1D17DB22510042F831 /* fishhook.c in Sources */,
				215C2B4317D89EDA00D7755C /* LWAppDelegate.m in Sources */,
			);
			runOnlyForDeploymentPostprocessing = 0;
		};
		215C2B4617D89EDB00D7755C /* Sources */ = {
			isa = PBXSourcesBuildPhase;
			buildActionMask = 2147483647;
			files = (
				215C2B7117D8CAED00D7755C /* LWPagingPhotoLoaderTest.m in Sources */,
			);
			runOnlyForDeploymentPostprocessing = 0;
		};
/* End PBXSourcesBuildPhase section */

/* Begin PBXTargetDependency section */
		215C2B5017D89EDB00D7755C /* PBXTargetDependency */ = {
			isa = PBXTargetDependency;
			target = 215C2B2E17D89EDA00D7755C /* PhotoBrowser */;
			targetProxy = 215C2B4F17D89EDB00D7755C /* PBXContainerItemProxy */;
		};
/* End PBXTargetDependency section */

/* Begin PBXVariantGroup section */
		215C2B3B17D89EDA00D7755C /* InfoPlist.strings */ = {
			isa = PBXVariantGroup;
			children = (
				2170496D17DCAC2100A92AC1 /* nl */,
				217049C017DCCEC300A92AC1 /* Base */,
			);
			name = InfoPlist.strings;
			sourceTree = "<group>";
		};
		215C2B5417D89EDB00D7755C /* InfoPlist.strings */ = {
			isa = PBXVariantGroup;
			children = (
				215C2B5517D89EDB00D7755C /* en */,
				2170496F17DCAC2100A92AC1 /* nl */,
			);
			name = InfoPlist.strings;
			sourceTree = "<group>";
		};
		2170496C17DCAC0400A92AC1 /* Main.storyboard */ = {
			isa = PBXVariantGroup;
			children = (
				2170497417DCAFA700A92AC1 /* Base */,
				2170497517DCAFC900A92AC1 /* nl */,
			);
			name = Main.storyboard;
			sourceTree = "<group>";
		};
		2170497A17DCB0B500A92AC1 /* Localizable.strings */ = {
			isa = PBXVariantGroup;
			children = (
				2170497917DCB0B500A92AC1 /* Base */,
				2170497B17DCB0BB00A92AC1 /* nl */,
			);
			name = Localizable.strings;
			sourceTree = "<group>";
		};
/* End PBXVariantGroup section */

/* Begin XCBuildConfiguration section */
		215C2B5917D89EDB00D7755C /* Debug */ = {
			isa = XCBuildConfiguration;
			buildSettings = {
				ALWAYS_SEARCH_USER_PATHS = NO;
				CLANG_CXX_LANGUAGE_STANDARD = "gnu++0x";
				CLANG_CXX_LIBRARY = "libc++";
				CLANG_ENABLE_MODULES = YES;
				CLANG_ENABLE_OBJC_ARC = YES;
				CLANG_WARN_BOOL_CONVERSION = YES;
				CLANG_WARN_CONSTANT_CONVERSION = YES;
				CLANG_WARN_DIRECT_OBJC_ISA_USAGE = YES_ERROR;
				CLANG_WARN_EMPTY_BODY = YES;
				CLANG_WARN_ENUM_CONVERSION = YES;
				CLANG_WARN_INT_CONVERSION = YES;
				CLANG_WARN_OBJC_ROOT_CLASS = YES_ERROR;
				CLANG_WARN__DUPLICATE_METHOD_MATCH = YES;
				"CODE_SIGN_IDENTITY[sdk=iphoneos*]" = "iPhone Developer";
				COPY_PHASE_STRIP = NO;
				GCC_C_LANGUAGE_STANDARD = gnu99;
				GCC_DYNAMIC_NO_PIC = NO;
				GCC_OPTIMIZATION_LEVEL = 0;
				GCC_PREPROCESSOR_DEFINITIONS = (
					"DEBUG=1",
					"$(inherited)",
				);
				GCC_SYMBOLS_PRIVATE_EXTERN = NO;
				GCC_WARN_ABOUT_RETURN_TYPE = YES_ERROR;
				GCC_WARN_UNDECLARED_SELECTOR = YES;
				GCC_WARN_UNINITIALIZED_AUTOS = YES;
				GCC_WARN_UNUSED_FUNCTION = YES;
				GCC_WARN_UNUSED_VARIABLE = YES;
				IPHONEOS_DEPLOYMENT_TARGET = 7.0;
				ONLY_ACTIVE_ARCH = YES;
				SDKROOT = iphoneos;
				TARGETED_DEVICE_FAMILY = "1,2";
			};
			name = Debug;
		};
		215C2B5A17D89EDB00D7755C /* Release */ = {
			isa = XCBuildConfiguration;
			buildSettings = {
				ALWAYS_SEARCH_USER_PATHS = NO;
				CLANG_CXX_LANGUAGE_STANDARD = "gnu++0x";
				CLANG_CXX_LIBRARY = "libc++";
				CLANG_ENABLE_MODULES = YES;
				CLANG_ENABLE_OBJC_ARC = YES;
				CLANG_WARN_BOOL_CONVERSION = YES;
				CLANG_WARN_CONSTANT_CONVERSION = YES;
				CLANG_WARN_DIRECT_OBJC_ISA_USAGE = YES_ERROR;
				CLANG_WARN_EMPTY_BODY = YES;
				CLANG_WARN_ENUM_CONVERSION = YES;
				CLANG_WARN_INT_CONVERSION = YES;
				CLANG_WARN_OBJC_ROOT_CLASS = YES_ERROR;
				CLANG_WARN__DUPLICATE_METHOD_MATCH = YES;
				"CODE_SIGN_IDENTITY[sdk=iphoneos*]" = "iPhone Developer";
				COPY_PHASE_STRIP = YES;
				ENABLE_NS_ASSERTIONS = NO;
				GCC_C_LANGUAGE_STANDARD = gnu99;
				GCC_WARN_ABOUT_RETURN_TYPE = YES_ERROR;
				GCC_WARN_UNDECLARED_SELECTOR = YES;
				GCC_WARN_UNINITIALIZED_AUTOS = YES;
				GCC_WARN_UNUSED_FUNCTION = YES;
				GCC_WARN_UNUSED_VARIABLE = YES;
				IPHONEOS_DEPLOYMENT_TARGET = 7.0;
				SDKROOT = iphoneos;
				TARGETED_DEVICE_FAMILY = "1,2";
				VALIDATE_PRODUCT = YES;
			};
			name = Release;
		};
		215C2B5C17D89EDB00D7755C /* Debug */ = {
			isa = XCBuildConfiguration;
			baseConfigurationReference = A64E21EDA2E04D659E75EAD8 /* Pods.xcconfig */;
			buildSettings = {
				ASSETCATALOG_COMPILER_APPICON_NAME = AppIcon;
				ASSETCATALOG_COMPILER_LAUNCHIMAGE_NAME = LaunchImage;
				GCC_PRECOMPILE_PREFIX_HEADER = YES;
				GCC_PREFIX_HEADER = "PhotoBrowser/PhotoBrowser-Prefix.pch";
				INFOPLIST_FILE = "PhotoBrowser/PhotoBrowser-Info.plist";
				PRODUCT_NAME = PhotoBrowser;
				TARGETED_DEVICE_FAMILY = 1;
				WRAPPER_EXTENSION = app;
			};
			name = Debug;
		};
		215C2B5D17D89EDB00D7755C /* Release */ = {
			isa = XCBuildConfiguration;
			baseConfigurationReference = A64E21EDA2E04D659E75EAD8 /* Pods.xcconfig */;
			buildSettings = {
				ASSETCATALOG_COMPILER_APPICON_NAME = AppIcon;
				ASSETCATALOG_COMPILER_LAUNCHIMAGE_NAME = LaunchImage;
				GCC_PRECOMPILE_PREFIX_HEADER = YES;
				GCC_PREFIX_HEADER = "PhotoBrowser/PhotoBrowser-Prefix.pch";
				INFOPLIST_FILE = "PhotoBrowser/PhotoBrowser-Info.plist";
				PRODUCT_NAME = PhotoBrowser;
				TARGETED_DEVICE_FAMILY = 1;
				WRAPPER_EXTENSION = app;
			};
			name = Release;
		};
		215C2B5F17D89EDB00D7755C /* Debug */ = {
			isa = XCBuildConfiguration;
			buildSettings = {
				BUNDLE_LOADER = "$(BUILT_PRODUCTS_DIR)/PhotoBrowser.app/PhotoBrowser";
				FRAMEWORK_SEARCH_PATHS = (
					"$(SDKROOT)/Developer/Library/Frameworks",
					"$(inherited)",
					"$(DEVELOPER_FRAMEWORKS_DIR)",
				);
				GCC_PRECOMPILE_PREFIX_HEADER = YES;
				GCC_PREFIX_HEADER = "PhotoBrowser/PhotoBrowser-Prefix.pch";
				GCC_PREPROCESSOR_DEFINITIONS = (
					"DEBUG=1",
					"$(inherited)",
				);
				INFOPLIST_FILE = "PhotoBrowserTests/PhotoBrowserTests-Info.plist";
				PRODUCT_NAME = "$(TARGET_NAME)";
				TEST_HOST = "$(BUNDLE_LOADER)";
				WRAPPER_EXTENSION = xctest;
			};
			name = Debug;
		};
		215C2B6017D89EDB00D7755C /* Release */ = {
			isa = XCBuildConfiguration;
			buildSettings = {
				BUNDLE_LOADER = "$(BUILT_PRODUCTS_DIR)/PhotoBrowser.app/PhotoBrowser";
				FRAMEWORK_SEARCH_PATHS = (
					"$(SDKROOT)/Developer/Library/Frameworks",
					"$(inherited)",
					"$(DEVELOPER_FRAMEWORKS_DIR)",
				);
				GCC_PRECOMPILE_PREFIX_HEADER = YES;
				GCC_PREFIX_HEADER = "PhotoBrowser/PhotoBrowser-Prefix.pch";
				INFOPLIST_FILE = "PhotoBrowserTests/PhotoBrowserTests-Info.plist";
				PRODUCT_NAME = "$(TARGET_NAME)";
				TEST_HOST = "$(BUNDLE_LOADER)";
				WRAPPER_EXTENSION = xctest;
			};
			name = Release;
		};
/* End XCBuildConfiguration section */

/* Begin XCConfigurationList section */
		215C2B2A17D89EDA00D7755C /* Build configuration list for PBXProject "PhotoBrowser" */ = {
			isa = XCConfigurationList;
			buildConfigurations = (
				215C2B5917D89EDB00D7755C /* Debug */,
				215C2B5A17D89EDB00D7755C /* Release */,
			);
			defaultConfigurationIsVisible = 0;
			defaultConfigurationName = Release;
		};
		215C2B5B17D89EDB00D7755C /* Build configuration list for PBXNativeTarget "PhotoBrowser" */ = {
			isa = XCConfigurationList;
			buildConfigurations = (
				215C2B5C17D89EDB00D7755C /* Debug */,
				215C2B5D17D89EDB00D7755C /* Release */,
			);
			defaultConfigurationIsVisible = 0;
			defaultConfigurationName = Release;
		};
		215C2B5E17D89EDB00D7755C /* Build configuration list for PBXNativeTarget "PhotoBrowserTests" */ = {
			isa = XCConfigurationList;
			buildConfigurations = (
				215C2B5F17D89EDB00D7755C /* Debug */,
				215C2B6017D89EDB00D7755C /* Release */,
			);
			defaultConfigurationIsVisible = 0;
			defaultConfigurationName = Release;
		};
/* End XCConfigurationList section */
	};
	rootObject = 215C2B2717D89EDA00D7755C /* Project object */;
}
